// !$*UTF8*$!
{
	archiveVersion = 1;
	classes = {
	};
	objectVersion = 56;
	objects = {

/* Begin PBXBuildFile section */
		9A323AE02BEF4E840053476A /* smiling-face-with-heart-eyes-x1.5.png in Resources */ = {isa = PBXBuildFile; fileRef = 9A323ADF2BEF4E840053476A /* smiling-face-with-heart-eyes-x1.5.png */; };
		9A323AE22BEF4ED20053476A /* smiling-face-with-heart-eyes-x2.png in Resources */ = {isa = PBXBuildFile; fileRef = 9A323AE12BEF4ED20053476A /* smiling-face-with-heart-eyes-x2.png */; };
		9A323AE42BEF4EE80053476A /* smiling-face-with-heart-eyes-x3.png in Resources */ = {isa = PBXBuildFile; fileRef = 9A323AE32BEF4EE80053476A /* smiling-face-with-heart-eyes-x3.png */; };
		9A323AE62BEF4F000053476A /* smiling-face-with-heart-eyes-x4.png in Resources */ = {isa = PBXBuildFile; fileRef = 9A323AE52BEF4F000053476A /* smiling-face-with-heart-eyes-x4.png */; };
		9A323AE92BEF4FAA0053476A /* smirking-face-x1.5.png in Resources */ = {isa = PBXBuildFile; fileRef = 9A323AE82BEF4FAA0053476A /* smirking-face-x1.5.png */; };
		9A323AEB2BEF4FBF0053476A /* smirking-face-x2.png in Resources */ = {isa = PBXBuildFile; fileRef = 9A323AEA2BEF4FBF0053476A /* smirking-face-x2.png */; };
		9A323AED2BEF4FD50053476A /* smirking-face-x3.png in Resources */ = {isa = PBXBuildFile; fileRef = 9A323AEC2BEF4FD50053476A /* smirking-face-x3.png */; };
		9A323AEF2BEF4FEE0053476A /* smirking-face-x4.png in Resources */ = {isa = PBXBuildFile; fileRef = 9A323AEE2BEF4FEE0053476A /* smirking-face-x4.png */; };
		9A323AF22BEF50910053476A /* pouting-face-x1.5.png in Resources */ = {isa = PBXBuildFile; fileRef = 9A323AF12BEF50910053476A /* pouting-face-x1.5.png */; };
		9A323AF42BEF50A00053476A /* pouting-face-x2.png in Resources */ = {isa = PBXBuildFile; fileRef = 9A323AF32BEF50A00053476A /* pouting-face-x2.png */; };
		9A323AF62BEF50B20053476A /* pouting-face-x3.png in Resources */ = {isa = PBXBuildFile; fileRef = 9A323AF52BEF50B20053476A /* pouting-face-x3.png */; };
		9A323AF82BEF50C00053476A /* pouting-face-x4.png in Resources */ = {isa = PBXBuildFile; fileRef = 9A323AF72BEF50C00053476A /* pouting-face-x4.png */; };
		9A323AFB2BEF51850053476A /* face-with-rolling-eyes-x1.5.png in Resources */ = {isa = PBXBuildFile; fileRef = 9A323AFA2BEF51850053476A /* face-with-rolling-eyes-x1.5.png */; };
		9A323AFD2BEF51990053476A /* face-with-rolling-eyes-x2.png in Resources */ = {isa = PBXBuildFile; fileRef = 9A323AFC2BEF51990053476A /* face-with-rolling-eyes-x2.png */; };
		9A323AFF2BEF51AA0053476A /* face-with-rolling-eyes-x3.png in Resources */ = {isa = PBXBuildFile; fileRef = 9A323AFE2BEF51AA0053476A /* face-with-rolling-eyes-x3.png */; };
		9A323B012BEF51CC0053476A /* face-with-rolling-eyes-x4.png in Resources */ = {isa = PBXBuildFile; fileRef = 9A323B002BEF51CC0053476A /* face-with-rolling-eyes-x4.png */; };
		9A323B072BEF5BCA0053476A /* clown-face-x2.png in Resources */ = {isa = PBXBuildFile; fileRef = 9A323B032BEF5BC90053476A /* clown-face-x2.png */; };
		9A323B082BEF5BCA0053476A /* clown-face-x3.png in Resources */ = {isa = PBXBuildFile; fileRef = 9A323B042BEF5BC90053476A /* clown-face-x3.png */; };
		9A323B092BEF5BCA0053476A /* clown-face-x4.png in Resources */ = {isa = PBXBuildFile; fileRef = 9A323B052BEF5BC90053476A /* clown-face-x4.png */; };
		9A323B0A2BEF5BCA0053476A /* clown-face-x1.5.png in Resources */ = {isa = PBXBuildFile; fileRef = 9A323B062BEF5BCA0053476A /* clown-face-x1.5.png */; };
		9A323B102BEF5CD80053476A /* loudly-crying-face-x2.png in Resources */ = {isa = PBXBuildFile; fileRef = 9A323B0C2BEF5CD70053476A /* loudly-crying-face-x2.png */; };
		9A323B112BEF5CD80053476A /* loudly-crying-face-x4.png in Resources */ = {isa = PBXBuildFile; fileRef = 9A323B0D2BEF5CD70053476A /* loudly-crying-face-x4.png */; };
		9A323B122BEF5CD80053476A /* loudly-crying-face-x1.5.png in Resources */ = {isa = PBXBuildFile; fileRef = 9A323B0E2BEF5CD70053476A /* loudly-crying-face-x1.5.png */; };
		9A323B132BEF5CD80053476A /* loudly-crying-face-x3.png in Resources */ = {isa = PBXBuildFile; fileRef = 9A323B0F2BEF5CD80053476A /* loudly-crying-face-x3.png */; };
		9A443AC22BEC2FB1000E403B /* MainView.swift in Sources */ = {isa = PBXBuildFile; fileRef = 9A443AC12BEC2FB1000E403B /* MainView.swift */; };
		9A443AC42BEC691B000E403B /* strawberry.png in Resources */ = {isa = PBXBuildFile; fileRef = 9A443AC32BEC691B000E403B /* strawberry.png */; };
		9A5872C32BE9F89500A14F5D /* Assets.xcassets in Resources */ = {isa = PBXBuildFile; fileRef = 9A5872C22BE9F89500A14F5D /* Assets.xcassets */; };
		9A5872C92BE9F89600A14F5D /* Create a Sticker MessagesExtension.appex in Embed Foundation Extensions */ = {isa = PBXBuildFile; fileRef = 9A5872C82BE9F89600A14F5D /* Create a Sticker MessagesExtension.appex */; settings = {ATTRIBUTES = (RemoveHeadersOnCopy, ); }; };
		9A5872CE2BE9F89600A14F5D /* Messages.framework in Frameworks */ = {isa = PBXBuildFile; fileRef = 9A5872CD2BE9F89600A14F5D /* Messages.framework */; };
		9A5872D12BE9F89600A14F5D /* MessagesViewController.swift in Sources */ = {isa = PBXBuildFile; fileRef = 9A5872D02BE9F89600A14F5D /* MessagesViewController.swift */; };
		9A8B945E2BEDA96A0095A414 /* Assets.xcassets in Resources */ = {isa = PBXBuildFile; fileRef = 9A8B945D2BEDA96A0095A414 /* Assets.xcassets */; };
		9A8B94632BEDDFAA0095A414 /* grinning-face-x2.png in Resources */ = {isa = PBXBuildFile; fileRef = 9A8B94622BEDDFAA0095A414 /* grinning-face-x2.png */; };
		9A8B94662BEDE2320095A414 /* grinning-face-x1.5.png in Resources */ = {isa = PBXBuildFile; fileRef = 9A8B94652BEDE2320095A414 /* grinning-face-x1.5.png */; };
		9A8B94682BEDE2810095A414 /* grinning-face-x3.png in Resources */ = {isa = PBXBuildFile; fileRef = 9A8B94672BEDE2800095A414 /* grinning-face-x3.png */; };
		9A8B946A2BEDE2E20095A414 /* grinning-face-x4.png in Resources */ = {isa = PBXBuildFile; fileRef = 9A8B94692BEDE2E10095A414 /* grinning-face-x4.png */; };
		9A8B946E2BEDEF150095A414 /* face-with-tears-of-joy-x1.5.png in Resources */ = {isa = PBXBuildFile; fileRef = 9A8B946D2BEDEF140095A414 /* face-with-tears-of-joy-x1.5.png */; };
		9A8B94712BEDEF4D0095A414 /* face-with-tears-of-joy-x2.png in Resources */ = {isa = PBXBuildFile; fileRef = 9A8B94702BEDEF4C0095A414 /* face-with-tears-of-joy-x2.png */; };
		9A8B94732BEDEF6A0095A414 /* face-with-tears-of-joy-x3.png in Resources */ = {isa = PBXBuildFile; fileRef = 9A8B94722BEDEF690095A414 /* face-with-tears-of-joy-x3.png */; };
		9A8B94752BEDEF830095A414 /* face-with-tears-of-joy-x4.png in Resources */ = {isa = PBXBuildFile; fileRef = 9A8B94742BEDEF830095A414 /* face-with-tears-of-joy-x4.png */; };
		9A8B94782BEDF30B0095A414 /* man-facepalming-x1.5.png in Resources */ = {isa = PBXBuildFile; fileRef = 9A8B94772BEDF30A0095A414 /* man-facepalming-x1.5.png */; };
		9A8B947A2BEDF3230095A414 /* man-facepalming-x2.png in Resources */ = {isa = PBXBuildFile; fileRef = 9A8B94792BEDF3230095A414 /* man-facepalming-x2.png */; };
		9A8B947C2BEDF33E0095A414 /* man-facepalming-x3.png in Resources */ = {isa = PBXBuildFile; fileRef = 9A8B947B2BEDF33E0095A414 /* man-facepalming-x3.png */; };
		9A8B947E2BEDF3550095A414 /* man-facepalming-x4.png in Resources */ = {isa = PBXBuildFile; fileRef = 9A8B947D2BEDF3550095A414 /* man-facepalming-x4.png */; };
		9A8B94812BEDF4890095A414 /* prince-x1.5.png in Resources */ = {isa = PBXBuildFile; fileRef = 9A8B94802BEDF4890095A414 /* prince-x1.5.png */; };
		9A8B94832BEDF4980095A414 /* prince-x2.png in Resources */ = {isa = PBXBuildFile; fileRef = 9A8B94822BEDF4980095A414 /* prince-x2.png */; };
		9A8B94852BEDF4B70095A414 /* prince-x3.png in Resources */ = {isa = PBXBuildFile; fileRef = 9A8B94842BEDF4B70095A414 /* prince-x3.png */; };
		9A8B94872BEDF4D40095A414 /* prince-x4.png in Resources */ = {isa = PBXBuildFile; fileRef = 9A8B94862BEDF4D40095A414 /* prince-x4.png */; };
/* End PBXBuildFile section */

/* Begin PBXContainerItemProxy section */
		9A5872CA2BE9F89600A14F5D /* PBXContainerItemProxy */ = {
			isa = PBXContainerItemProxy;
			containerPortal = 9A5872B92BE9F89200A14F5D /* Project object */;
			proxyType = 1;
			remoteGlobalIDString = 9A5872C72BE9F89600A14F5D;
			remoteInfo = "Create a Sticker MessagesExtension";
		};
/* End PBXContainerItemProxy section */

/* Begin PBXCopyFilesBuildPhase section */
		9A5872DD2BE9F89800A14F5D /* Embed Foundation Extensions */ = {
			isa = PBXCopyFilesBuildPhase;
			buildActionMask = 2147483647;
			dstPath = "";
			dstSubfolderSpec = 13;
			files = (
				9A5872C92BE9F89600A14F5D /* Create a Sticker MessagesExtension.appex in Embed Foundation Extensions */,
			);
			name = "Embed Foundation Extensions";
			runOnlyForDeploymentPostprocessing = 0;
		};
/* End PBXCopyFilesBuildPhase section */

/* Begin PBXFileReference section */
		9A323ADF2BEF4E840053476A /* smiling-face-with-heart-eyes-x1.5.png */ = {isa = PBXFileReference; lastKnownFileType = image.png; path = "smiling-face-with-heart-eyes-x1.5.png"; sourceTree = "<group>"; };
		9A323AE12BEF4ED20053476A /* smiling-face-with-heart-eyes-x2.png */ = {isa = PBXFileReference; lastKnownFileType = image.png; path = "smiling-face-with-heart-eyes-x2.png"; sourceTree = "<group>"; };
		9A323AE32BEF4EE80053476A /* smiling-face-with-heart-eyes-x3.png */ = {isa = PBXFileReference; lastKnownFileType = image.png; path = "smiling-face-with-heart-eyes-x3.png"; sourceTree = "<group>"; };
		9A323AE52BEF4F000053476A /* smiling-face-with-heart-eyes-x4.png */ = {isa = PBXFileReference; lastKnownFileType = image.png; path = "smiling-face-with-heart-eyes-x4.png"; sourceTree = "<group>"; };
		9A323AE82BEF4FAA0053476A /* smirking-face-x1.5.png */ = {isa = PBXFileReference; lastKnownFileType = image.png; path = "smirking-face-x1.5.png"; sourceTree = "<group>"; };
		9A323AEA2BEF4FBF0053476A /* smirking-face-x2.png */ = {isa = PBXFileReference; lastKnownFileType = image.png; path = "smirking-face-x2.png"; sourceTree = "<group>"; };
		9A323AEC2BEF4FD50053476A /* smirking-face-x3.png */ = {isa = PBXFileReference; lastKnownFileType = image.png; path = "smirking-face-x3.png"; sourceTree = "<group>"; };
		9A323AEE2BEF4FEE0053476A /* smirking-face-x4.png */ = {isa = PBXFileReference; lastKnownFileType = image.png; path = "smirking-face-x4.png"; sourceTree = "<group>"; };
		9A323AF12BEF50910053476A /* pouting-face-x1.5.png */ = {isa = PBXFileReference; lastKnownFileType = image.png; path = "pouting-face-x1.5.png"; sourceTree = "<group>"; };
		9A323AF32BEF50A00053476A /* pouting-face-x2.png */ = {isa = PBXFileReference; lastKnownFileType = image.png; path = "pouting-face-x2.png"; sourceTree = "<group>"; };
		9A323AF52BEF50B20053476A /* pouting-face-x3.png */ = {isa = PBXFileReference; lastKnownFileType = image.png; path = "pouting-face-x3.png"; sourceTree = "<group>"; };
		9A323AF72BEF50C00053476A /* pouting-face-x4.png */ = {isa = PBXFileReference; lastKnownFileType = image.png; path = "pouting-face-x4.png"; sourceTree = "<group>"; };
		9A323AFA2BEF51850053476A /* face-with-rolling-eyes-x1.5.png */ = {isa = PBXFileReference; lastKnownFileType = image.png; path = "face-with-rolling-eyes-x1.5.png"; sourceTree = "<group>"; };
		9A323AFC2BEF51990053476A /* face-with-rolling-eyes-x2.png */ = {isa = PBXFileReference; lastKnownFileType = image.png; path = "face-with-rolling-eyes-x2.png"; sourceTree = "<group>"; };
		9A323AFE2BEF51AA0053476A /* face-with-rolling-eyes-x3.png */ = {isa = PBXFileReference; lastKnownFileType = image.png; path = "face-with-rolling-eyes-x3.png"; sourceTree = "<group>"; };
		9A323B002BEF51CC0053476A /* face-with-rolling-eyes-x4.png */ = {isa = PBXFileReference; lastKnownFileType = image.png; path = "face-with-rolling-eyes-x4.png"; sourceTree = "<group>"; };
		9A323B032BEF5BC90053476A /* clown-face-x2.png */ = {isa = PBXFileReference; lastKnownFileType = image.png; path = "clown-face-x2.png"; sourceTree = "<group>"; };
		9A323B042BEF5BC90053476A /* clown-face-x3.png */ = {isa = PBXFileReference; lastKnownFileType = image.png; path = "clown-face-x3.png"; sourceTree = "<group>"; };
		9A323B052BEF5BC90053476A /* clown-face-x4.png */ = {isa = PBXFileReference; lastKnownFileType = image.png; path = "clown-face-x4.png"; sourceTree = "<group>"; };
		9A323B062BEF5BCA0053476A /* clown-face-x1.5.png */ = {isa = PBXFileReference; lastKnownFileType = image.png; path = "clown-face-x1.5.png"; sourceTree = "<group>"; };
		9A323B0C2BEF5CD70053476A /* loudly-crying-face-x2.png */ = {isa = PBXFileReference; lastKnownFileType = image.png; path = "loudly-crying-face-x2.png"; sourceTree = "<group>"; };
		9A323B0D2BEF5CD70053476A /* loudly-crying-face-x4.png */ = {isa = PBXFileReference; lastKnownFileType = image.png; path = "loudly-crying-face-x4.png"; sourceTree = "<group>"; };
		9A323B0E2BEF5CD70053476A /* loudly-crying-face-x1.5.png */ = {isa = PBXFileReference; lastKnownFileType = image.png; path = "loudly-crying-face-x1.5.png"; sourceTree = "<group>"; };
		9A323B0F2BEF5CD80053476A /* loudly-crying-face-x3.png */ = {isa = PBXFileReference; lastKnownFileType = image.png; path = "loudly-crying-face-x3.png"; sourceTree = "<group>"; };
		9A443AC12BEC2FB1000E403B /* MainView.swift */ = {isa = PBXFileReference; lastKnownFileType = sourcecode.swift; path = MainView.swift; sourceTree = "<group>"; };
		9A443AC32BEC691B000E403B /* strawberry.png */ = {isa = PBXFileReference; lastKnownFileType = image.png; path = strawberry.png; sourceTree = "<group>"; };
		9A5872BF2BE9F89300A14F5D /* Create a Sticker.app */ = {isa = PBXFileReference; explicitFileType = wrapper.application; includeInIndex = 0; path = "Create a Sticker.app"; sourceTree = BUILT_PRODUCTS_DIR; };
		9A5872C22BE9F89500A14F5D /* Assets.xcassets */ = {isa = PBXFileReference; lastKnownFileType = folder.assetcatalog; path = Assets.xcassets; sourceTree = "<group>"; };
		9A5872C82BE9F89600A14F5D /* Create a Sticker MessagesExtension.appex */ = {isa = PBXFileReference; explicitFileType = "wrapper.app-extension"; includeInIndex = 0; path = "Create a Sticker MessagesExtension.appex"; sourceTree = BUILT_PRODUCTS_DIR; };
		9A5872CD2BE9F89600A14F5D /* Messages.framework */ = {isa = PBXFileReference; lastKnownFileType = wrapper.framework; name = Messages.framework; path = System/Library/Frameworks/Messages.framework; sourceTree = SDKROOT; };
		9A5872D02BE9F89600A14F5D /* MessagesViewController.swift */ = {isa = PBXFileReference; lastKnownFileType = sourcecode.swift; path = MessagesViewController.swift; sourceTree = "<group>"; };
		9A5872D72BE9F89800A14F5D /* Info.plist */ = {isa = PBXFileReference; lastKnownFileType = text.plist.xml; path = Info.plist; sourceTree = "<group>"; };
		9A8B945D2BEDA96A0095A414 /* Assets.xcassets */ = {isa = PBXFileReference; lastKnownFileType = folder.assetcatalog; path = Assets.xcassets; sourceTree = "<group>"; };
		9A8B94622BEDDFAA0095A414 /* grinning-face-x2.png */ = {isa = PBXFileReference; lastKnownFileType = image.png; path = "grinning-face-x2.png"; sourceTree = "<group>"; };
		9A8B94652BEDE2320095A414 /* grinning-face-x1.5.png */ = {isa = PBXFileReference; lastKnownFileType = image.png; path = "grinning-face-x1.5.png"; sourceTree = "<group>"; };
		9A8B94672BEDE2800095A414 /* grinning-face-x3.png */ = {isa = PBXFileReference; lastKnownFileType = image.png; path = "grinning-face-x3.png"; sourceTree = "<group>"; };
		9A8B94692BEDE2E10095A414 /* grinning-face-x4.png */ = {isa = PBXFileReference; lastKnownFileType = image.png; path = "grinning-face-x4.png"; sourceTree = "<group>"; };
		9A8B946D2BEDEF140095A414 /* face-with-tears-of-joy-x1.5.png */ = {isa = PBXFileReference; lastKnownFileType = image.png; path = "face-with-tears-of-joy-x1.5.png"; sourceTree = "<group>"; };
		9A8B94702BEDEF4C0095A414 /* face-with-tears-of-joy-x2.png */ = {isa = PBXFileReference; lastKnownFileType = image.png; path = "face-with-tears-of-joy-x2.png"; sourceTree = "<group>"; };
		9A8B94722BEDEF690095A414 /* face-with-tears-of-joy-x3.png */ = {isa = PBXFileReference; lastKnownFileType = image.png; path = "face-with-tears-of-joy-x3.png"; sourceTree = "<group>"; };
		9A8B94742BEDEF830095A414 /* face-with-tears-of-joy-x4.png */ = {isa = PBXFileReference; lastKnownFileType = image.png; path = "face-with-tears-of-joy-x4.png"; sourceTree = "<group>"; };
		9A8B94772BEDF30A0095A414 /* man-facepalming-x1.5.png */ = {isa = PBXFileReference; lastKnownFileType = image.png; path = "man-facepalming-x1.5.png"; sourceTree = "<group>"; };
		9A8B94792BEDF3230095A414 /* man-facepalming-x2.png */ = {isa = PBXFileReference; lastKnownFileType = image.png; path = "man-facepalming-x2.png"; sourceTree = "<group>"; };
		9A8B947B2BEDF33E0095A414 /* man-facepalming-x3.png */ = {isa = PBXFileReference; lastKnownFileType = image.png; path = "man-facepalming-x3.png"; sourceTree = "<group>"; };
		9A8B947D2BEDF3550095A414 /* man-facepalming-x4.png */ = {isa = PBXFileReference; lastKnownFileType = image.png; path = "man-facepalming-x4.png"; sourceTree = "<group>"; };
		9A8B94802BEDF4890095A414 /* prince-x1.5.png */ = {isa = PBXFileReference; lastKnownFileType = image.png; path = "prince-x1.5.png"; sourceTree = "<group>"; };
		9A8B94822BEDF4980095A414 /* prince-x2.png */ = {isa = PBXFileReference; lastKnownFileType = image.png; path = "prince-x2.png"; sourceTree = "<group>"; };
		9A8B94842BEDF4B70095A414 /* prince-x3.png */ = {isa = PBXFileReference; lastKnownFileType = image.png; path = "prince-x3.png"; sourceTree = "<group>"; };
		9A8B94862BEDF4D40095A414 /* prince-x4.png */ = {isa = PBXFileReference; lastKnownFileType = image.png; path = "prince-x4.png"; sourceTree = "<group>"; };
/* End PBXFileReference section */

/* Begin PBXFrameworksBuildPhase section */
		9A5872C52BE9F89600A14F5D /* Frameworks */ = {
			isa = PBXFrameworksBuildPhase;
			buildActionMask = 2147483647;
			files = (
				9A5872CE2BE9F89600A14F5D /* Messages.framework in Frameworks */,
			);
			runOnlyForDeploymentPostprocessing = 0;
		};
/* End PBXFrameworksBuildPhase section */

/* Begin PBXGroup section */
		9A323ADE2BEF4E6B0053476A /* smiling-face-with-heart-eyes */ = {
			isa = PBXGroup;
			children = (
				9A323ADF2BEF4E840053476A /* smiling-face-with-heart-eyes-x1.5.png */,
				9A323AE12BEF4ED20053476A /* smiling-face-with-heart-eyes-x2.png */,
				9A323AE32BEF4EE80053476A /* smiling-face-with-heart-eyes-x3.png */,
				9A323AE52BEF4F000053476A /* smiling-face-with-heart-eyes-x4.png */,
			);
			path = "smiling-face-with-heart-eyes";
			sourceTree = "<group>";
		};
		9A323AE72BEF4F910053476A /* smirking-face */ = {
			isa = PBXGroup;
			children = (
				9A323AE82BEF4FAA0053476A /* smirking-face-x1.5.png */,
				9A323AEA2BEF4FBF0053476A /* smirking-face-x2.png */,
				9A323AEC2BEF4FD50053476A /* smirking-face-x3.png */,
				9A323AEE2BEF4FEE0053476A /* smirking-face-x4.png */,
			);
			path = "smirking-face";
			sourceTree = "<group>";
		};
		9A323AF02BEF506A0053476A /* pouting-face */ = {
			isa = PBXGroup;
			children = (
				9A323AF12BEF50910053476A /* pouting-face-x1.5.png */,
				9A323AF32BEF50A00053476A /* pouting-face-x2.png */,
				9A323AF52BEF50B20053476A /* pouting-face-x3.png */,
				9A323AF72BEF50C00053476A /* pouting-face-x4.png */,
			);
			path = "pouting-face";
			sourceTree = "<group>";
		};
		9A323AF92BEF513B0053476A /* face-with-rolling-eyes */ = {
			isa = PBXGroup;
			children = (
				9A323AFA2BEF51850053476A /* face-with-rolling-eyes-x1.5.png */,
				9A323AFC2BEF51990053476A /* face-with-rolling-eyes-x2.png */,
				9A323AFE2BEF51AA0053476A /* face-with-rolling-eyes-x3.png */,
				9A323B002BEF51CC0053476A /* face-with-rolling-eyes-x4.png */,
			);
			path = "face-with-rolling-eyes";
			sourceTree = "<group>";
		};
		9A323B022BEF5AE80053476A /* clown-face */ = {
			isa = PBXGroup;
			children = (
				9A323B062BEF5BCA0053476A /* clown-face-x1.5.png */,
				9A323B032BEF5BC90053476A /* clown-face-x2.png */,
				9A323B042BEF5BC90053476A /* clown-face-x3.png */,
				9A323B052BEF5BC90053476A /* clown-face-x4.png */,
			);
			path = "clown-face";
			sourceTree = "<group>";
		};
		9A323B0B2BEF5C9D0053476A /* loudly-crying-face */ = {
			isa = PBXGroup;
			children = (
				9A323B0E2BEF5CD70053476A /* loudly-crying-face-x1.5.png */,
				9A323B0C2BEF5CD70053476A /* loudly-crying-face-x2.png */,
				9A323B0F2BEF5CD80053476A /* loudly-crying-face-x3.png */,
				9A323B0D2BEF5CD70053476A /* loudly-crying-face-x4.png */,
			);
			path = "loudly-crying-face";
			sourceTree = "<group>";
		};
		9A5872B82BE9F89200A14F5D = {
			isa = PBXGroup;
			children = (
				9A5872C12BE9F89300A14F5D /* Create a Sticker */,
				9A5872CF2BE9F89600A14F5D /* Create a Sticker MessagesExtension */,
				9A5872CC2BE9F89600A14F5D /* Frameworks */,
				9A5872C02BE9F89300A14F5D /* Products */,
			);
			sourceTree = "<group>";
		};
		9A5872C02BE9F89300A14F5D /* Products */ = {
			isa = PBXGroup;
			children = (
				9A5872BF2BE9F89300A14F5D /* Create a Sticker.app */,
				9A5872C82BE9F89600A14F5D /* Create a Sticker MessagesExtension.appex */,
			);
			name = Products;
			sourceTree = "<group>";
		};
		9A5872C12BE9F89300A14F5D /* Create a Sticker */ = {
			isa = PBXGroup;
			children = (
				9A5872C22BE9F89500A14F5D /* Assets.xcassets */,
			);
			path = "Create a Sticker";
			sourceTree = "<group>";
		};
		9A5872CC2BE9F89600A14F5D /* Frameworks */ = {
			isa = PBXGroup;
			children = (
				9A5872CD2BE9F89600A14F5D /* Messages.framework */,
			);
			name = Frameworks;
			sourceTree = "<group>";
		};
		9A5872CF2BE9F89600A14F5D /* Create a Sticker MessagesExtension */ = {
			isa = PBXGroup;
			children = (
				9A8B945F2BEDDE430095A414 /* emojis */,
				9A443AC32BEC691B000E403B /* strawberry.png */,
				9A5872D02BE9F89600A14F5D /* MessagesViewController.swift */,
				9A443AC12BEC2FB1000E403B /* MainView.swift */,
				9A5872D72BE9F89800A14F5D /* Info.plist */,
				9A8B945D2BEDA96A0095A414 /* Assets.xcassets */,
			);
			path = "Create a Sticker MessagesExtension";
			sourceTree = "<group>";
		};
		9A8B945F2BEDDE430095A414 /* emojis */ = {
			isa = PBXGroup;
			children = (
				9A323B0B2BEF5C9D0053476A /* loudly-crying-face */,
				9A323B022BEF5AE80053476A /* clown-face */,
				9A323AF92BEF513B0053476A /* face-with-rolling-eyes */,
				9A323AF02BEF506A0053476A /* pouting-face */,
				9A323AE72BEF4F910053476A /* smirking-face */,
				9A323ADE2BEF4E6B0053476A /* smiling-face-with-heart-eyes */,
				9A8B947F2BEDF45B0095A414 /* prince */,
				9A8B94762BEDF2FB0095A414 /* man-facepalming */,
				9A8B946F2BEDEF180095A414 /* face-with-tears-of-joy */,
				9A8B94642BEDDFAF0095A414 /* grinning-face */,
			);
			path = emojis;
			sourceTree = "<group>";
		};
		9A8B94642BEDDFAF0095A414 /* grinning-face */ = {
			isa = PBXGroup;
			children = (
				9A8B94652BEDE2320095A414 /* grinning-face-x1.5.png */,
				9A8B94622BEDDFAA0095A414 /* grinning-face-x2.png */,
				9A8B94672BEDE2800095A414 /* grinning-face-x3.png */,
				9A8B94692BEDE2E10095A414 /* grinning-face-x4.png */,
			);
			path = "grinning-face";
			sourceTree = "<group>";
		};
		9A8B946F2BEDEF180095A414 /* face-with-tears-of-joy */ = {
			isa = PBXGroup;
			children = (
				9A8B946D2BEDEF140095A414 /* face-with-tears-of-joy-x1.5.png */,
				9A8B94702BEDEF4C0095A414 /* face-with-tears-of-joy-x2.png */,
				9A8B94722BEDEF690095A414 /* face-with-tears-of-joy-x3.png */,
				9A8B94742BEDEF830095A414 /* face-with-tears-of-joy-x4.png */,
			);
			path = "face-with-tears-of-joy";
			sourceTree = "<group>";
		};
		9A8B94762BEDF2FB0095A414 /* man-facepalming */ = {
			isa = PBXGroup;
			children = (
				9A8B94772BEDF30A0095A414 /* man-facepalming-x1.5.png */,
				9A8B94792BEDF3230095A414 /* man-facepalming-x2.png */,
				9A8B947B2BEDF33E0095A414 /* man-facepalming-x3.png */,
				9A8B947D2BEDF3550095A414 /* man-facepalming-x4.png */,
			);
			path = "man-facepalming";
			sourceTree = "<group>";
		};
		9A8B947F2BEDF45B0095A414 /* prince */ = {
			isa = PBXGroup;
			children = (
				9A8B94802BEDF4890095A414 /* prince-x1.5.png */,
				9A8B94822BEDF4980095A414 /* prince-x2.png */,
				9A8B94842BEDF4B70095A414 /* prince-x3.png */,
				9A8B94862BEDF4D40095A414 /* prince-x4.png */,
			);
			path = prince;
			sourceTree = "<group>";
		};
/* End PBXGroup section */

/* Begin PBXNativeTarget section */
		9A5872BE2BE9F89300A14F5D /* Create a Sticker */ = {
			isa = PBXNativeTarget;
			buildConfigurationList = 9A5872DE2BE9F89800A14F5D /* Build configuration list for PBXNativeTarget "Create a Sticker" */;
			buildPhases = (
				9A5872BD2BE9F89300A14F5D /* Resources */,
				9A5872DD2BE9F89800A14F5D /* Embed Foundation Extensions */,
			);
			buildRules = (
			);
			dependencies = (
				9A5872CB2BE9F89600A14F5D /* PBXTargetDependency */,
			);
			name = "Create a Sticker";
			productName = "Create a Sticker";
			productReference = 9A5872BF2BE9F89300A14F5D /* Create a Sticker.app */;
			productType = "com.apple.product-type.application.messages";
		};
		9A5872C72BE9F89600A14F5D /* Create a Sticker MessagesExtension */ = {
			isa = PBXNativeTarget;
			buildConfigurationList = 9A5872DA2BE9F89800A14F5D /* Build configuration list for PBXNativeTarget "Create a Sticker MessagesExtension" */;
			buildPhases = (
				9A5872C42BE9F89600A14F5D /* Sources */,
				9A5872C52BE9F89600A14F5D /* Frameworks */,
				9A5872C62BE9F89600A14F5D /* Resources */,
			);
			buildRules = (
			);
			dependencies = (
			);
			name = "Create a Sticker MessagesExtension";
			productName = "Create a Sticker MessagesExtension";
			productReference = 9A5872C82BE9F89600A14F5D /* Create a Sticker MessagesExtension.appex */;
			productType = "com.apple.product-type.app-extension.messages";
		};
/* End PBXNativeTarget section */

/* Begin PBXProject section */
		9A5872B92BE9F89200A14F5D /* Project object */ = {
			isa = PBXProject;
			attributes = {
				BuildIndependentTargetsInParallel = 1;
				LastSwiftUpdateCheck = 1500;
				LastUpgradeCheck = 1500;
				TargetAttributes = {
					9A5872BE2BE9F89300A14F5D = {
						CreatedOnToolsVersion = 15.0.1;
					};
					9A5872C72BE9F89600A14F5D = {
						CreatedOnToolsVersion = 15.0.1;
					};
				};
			};
			buildConfigurationList = 9A5872BC2BE9F89200A14F5D /* Build configuration list for PBXProject "Create a Sticker" */;
			compatibilityVersion = "Xcode 14.0";
			developmentRegion = en;
			hasScannedForEncodings = 0;
			knownRegions = (
				en,
				Base,
			);
			mainGroup = 9A5872B82BE9F89200A14F5D;
			productRefGroup = 9A5872C02BE9F89300A14F5D /* Products */;
			projectDirPath = "";
			projectRoot = "";
			targets = (
				9A5872BE2BE9F89300A14F5D /* Create a Sticker */,
				9A5872C72BE9F89600A14F5D /* Create a Sticker MessagesExtension */,
			);
		};
/* End PBXProject section */

/* Begin PBXResourcesBuildPhase section */
		9A5872BD2BE9F89300A14F5D /* Resources */ = {
			isa = PBXResourcesBuildPhase;
			buildActionMask = 2147483647;
			files = (
				9A5872C32BE9F89500A14F5D /* Assets.xcassets in Resources */,
			);
			runOnlyForDeploymentPostprocessing = 0;
		};
		9A5872C62BE9F89600A14F5D /* Resources */ = {
			isa = PBXResourcesBuildPhase;
			buildActionMask = 2147483647;
			files = (
				9A8B94662BEDE2320095A414 /* grinning-face-x1.5.png in Resources */,
				9A323AF62BEF50B20053476A /* pouting-face-x3.png in Resources */,
				9A8B947E2BEDF3550095A414 /* man-facepalming-x4.png in Resources */,
				9A8B94752BEDEF830095A414 /* face-with-tears-of-joy-x4.png in Resources */,
				9A323AF82BEF50C00053476A /* pouting-face-x4.png in Resources */,
				9A8B94712BEDEF4D0095A414 /* face-with-tears-of-joy-x2.png in Resources */,
				9A323AF42BEF50A00053476A /* pouting-face-x2.png in Resources */,
				9A323AFB2BEF51850053476A /* face-with-rolling-eyes-x1.5.png in Resources */,
				9A8B945E2BEDA96A0095A414 /* Assets.xcassets in Resources */,
				9A8B94832BEDF4980095A414 /* prince-x2.png in Resources */,
				9A323AE62BEF4F000053476A /* smiling-face-with-heart-eyes-x4.png in Resources */,
				9A323B012BEF51CC0053476A /* face-with-rolling-eyes-x4.png in Resources */,
				9A323AE02BEF4E840053476A /* smiling-face-with-heart-eyes-x1.5.png in Resources */,
				9A323AFF2BEF51AA0053476A /* face-with-rolling-eyes-x3.png in Resources */,
				9A8B94682BEDE2810095A414 /* grinning-face-x3.png in Resources */,
				9A8B947A2BEDF3230095A414 /* man-facepalming-x2.png in Resources */,
				9A323B112BEF5CD80053476A /* loudly-crying-face-x4.png in Resources */,
				9A443AC42BEC691B000E403B /* strawberry.png in Resources */,
				9A8B94632BEDDFAA0095A414 /* grinning-face-x2.png in Resources */,
				9A323AED2BEF4FD50053476A /* smirking-face-x3.png in Resources */,
				9A8B946E2BEDEF150095A414 /* face-with-tears-of-joy-x1.5.png in Resources */,
				9A323B072BEF5BCA0053476A /* clown-face-x2.png in Resources */,
				9A323AE42BEF4EE80053476A /* smiling-face-with-heart-eyes-x3.png in Resources */,
				9A323B132BEF5CD80053476A /* loudly-crying-face-x3.png in Resources */,
				9A323AFD2BEF51990053476A /* face-with-rolling-eyes-x2.png in Resources */,
				9A323AEF2BEF4FEE0053476A /* smirking-face-x4.png in Resources */,
				9A323B102BEF5CD80053476A /* loudly-crying-face-x2.png in Resources */,
				9A323AE92BEF4FAA0053476A /* smirking-face-x1.5.png in Resources */,
				9A8B946A2BEDE2E20095A414 /* grinning-face-x4.png in Resources */,
				9A323B092BEF5BCA0053476A /* clown-face-x4.png in Resources */,
				9A8B94852BEDF4B70095A414 /* prince-x3.png in Resources */,
				9A323B122BEF5CD80053476A /* loudly-crying-face-x1.5.png in Resources */,
				9A323AF22BEF50910053476A /* pouting-face-x1.5.png in Resources */,
				9A323AE22BEF4ED20053476A /* smiling-face-with-heart-eyes-x2.png in Resources */,
				9A8B94812BEDF4890095A414 /* prince-x1.5.png in Resources */,
				9A323AEB2BEF4FBF0053476A /* smirking-face-x2.png in Resources */,
				9A8B94782BEDF30B0095A414 /* man-facepalming-x1.5.png in Resources */,
				9A323B082BEF5BCA0053476A /* clown-face-x3.png in Resources */,
				9A8B94732BEDEF6A0095A414 /* face-with-tears-of-joy-x3.png in Resources */,
				9A8B947C2BEDF33E0095A414 /* man-facepalming-x3.png in Resources */,
				9A323B0A2BEF5BCA0053476A /* clown-face-x1.5.png in Resources */,
				9A8B94872BEDF4D40095A414 /* prince-x4.png in Resources */,
			);
			runOnlyForDeploymentPostprocessing = 0;
		};
/* End PBXResourcesBuildPhase section */

/* Begin PBXSourcesBuildPhase section */
		9A5872C42BE9F89600A14F5D /* Sources */ = {
			isa = PBXSourcesBuildPhase;
			buildActionMask = 2147483647;
			files = (
				9A5872D12BE9F89600A14F5D /* MessagesViewController.swift in Sources */,
				9A443AC22BEC2FB1000E403B /* MainView.swift in Sources */,
			);
			runOnlyForDeploymentPostprocessing = 0;
		};
/* End PBXSourcesBuildPhase section */

/* Begin PBXTargetDependency section */
		9A5872CB2BE9F89600A14F5D /* PBXTargetDependency */ = {
			isa = PBXTargetDependency;
			target = 9A5872C72BE9F89600A14F5D /* Create a Sticker MessagesExtension */;
			targetProxy = 9A5872CA2BE9F89600A14F5D /* PBXContainerItemProxy */;
		};
/* End PBXTargetDependency section */

/* Begin XCBuildConfiguration section */
		9A5872D82BE9F89800A14F5D /* Debug */ = {
			isa = XCBuildConfiguration;
			buildSettings = {
				ALWAYS_SEARCH_USER_PATHS = NO;
				ASSETCATALOG_COMPILER_GENERATE_SWIFT_ASSET_SYMBOL_EXTENSIONS = YES;
				CLANG_ANALYZER_NONNULL = YES;
				CLANG_ANALYZER_NUMBER_OBJECT_CONVERSION = YES_AGGRESSIVE;
				CLANG_CXX_LANGUAGE_STANDARD = "gnu++20";
				CLANG_ENABLE_MODULES = YES;
				CLANG_ENABLE_OBJC_ARC = YES;
				CLANG_ENABLE_OBJC_WEAK = YES;
				CLANG_WARN_BLOCK_CAPTURE_AUTORELEASING = YES;
				CLANG_WARN_BOOL_CONVERSION = YES;
				CLANG_WARN_COMMA = YES;
				CLANG_WARN_CONSTANT_CONVERSION = YES;
				CLANG_WARN_DEPRECATED_OBJC_IMPLEMENTATIONS = YES;
				CLANG_WARN_DIRECT_OBJC_ISA_USAGE = YES_ERROR;
				CLANG_WARN_DOCUMENTATION_COMMENTS = YES;
				CLANG_WARN_EMPTY_BODY = YES;
				CLANG_WARN_ENUM_CONVERSION = YES;
				CLANG_WARN_INFINITE_RECURSION = YES;
				CLANG_WARN_INT_CONVERSION = YES;
				CLANG_WARN_NON_LITERAL_NULL_CONVERSION = YES;
				CLANG_WARN_OBJC_IMPLICIT_RETAIN_SELF = YES;
				CLANG_WARN_OBJC_LITERAL_CONVERSION = YES;
				CLANG_WARN_OBJC_ROOT_CLASS = YES_ERROR;
				CLANG_WARN_QUOTED_INCLUDE_IN_FRAMEWORK_HEADER = YES;
				CLANG_WARN_RANGE_LOOP_ANALYSIS = YES;
				CLANG_WARN_STRICT_PROTOTYPES = YES;
				CLANG_WARN_SUSPICIOUS_MOVE = YES;
				CLANG_WARN_UNGUARDED_AVAILABILITY = YES_AGGRESSIVE;
				CLANG_WARN_UNREACHABLE_CODE = YES;
				CLANG_WARN__DUPLICATE_METHOD_MATCH = YES;
				COPY_PHASE_STRIP = NO;
				DEBUG_INFORMATION_FORMAT = dwarf;
				ENABLE_STRICT_OBJC_MSGSEND = YES;
				ENABLE_TESTABILITY = YES;
				ENABLE_USER_SCRIPT_SANDBOXING = YES;
				GCC_C_LANGUAGE_STANDARD = gnu17;
				GCC_DYNAMIC_NO_PIC = NO;
				GCC_NO_COMMON_BLOCKS = YES;
				GCC_OPTIMIZATION_LEVEL = 0;
				GCC_PREPROCESSOR_DEFINITIONS = (
					"DEBUG=1",
					"$(inherited)",
				);
				GCC_WARN_64_TO_32_BIT_CONVERSION = YES;
				GCC_WARN_ABOUT_RETURN_TYPE = YES_ERROR;
				GCC_WARN_UNDECLARED_SELECTOR = YES;
				GCC_WARN_UNINITIALIZED_AUTOS = YES_AGGRESSIVE;
				GCC_WARN_UNUSED_FUNCTION = YES;
				GCC_WARN_UNUSED_VARIABLE = YES;
				IPHONEOS_DEPLOYMENT_TARGET = 16.6;
				LOCALIZATION_PREFERS_STRING_CATALOGS = YES;
				MTL_ENABLE_DEBUG_INFO = INCLUDE_SOURCE;
				MTL_FAST_MATH = YES;
				ONLY_ACTIVE_ARCH = YES;
				SDKROOT = iphoneos;
				SWIFT_ACTIVE_COMPILATION_CONDITIONS = "DEBUG $(inherited)";
				SWIFT_OPTIMIZATION_LEVEL = "-Onone";
			};
			name = Debug;
		};
		9A5872D92BE9F89800A14F5D /* Release */ = {
			isa = XCBuildConfiguration;
			buildSettings = {
				ALWAYS_SEARCH_USER_PATHS = NO;
				ASSETCATALOG_COMPILER_GENERATE_SWIFT_ASSET_SYMBOL_EXTENSIONS = YES;
				CLANG_ANALYZER_NONNULL = YES;
				CLANG_ANALYZER_NUMBER_OBJECT_CONVERSION = YES_AGGRESSIVE;
				CLANG_CXX_LANGUAGE_STANDARD = "gnu++20";
				CLANG_ENABLE_MODULES = YES;
				CLANG_ENABLE_OBJC_ARC = YES;
				CLANG_ENABLE_OBJC_WEAK = YES;
				CLANG_WARN_BLOCK_CAPTURE_AUTORELEASING = YES;
				CLANG_WARN_BOOL_CONVERSION = YES;
				CLANG_WARN_COMMA = YES;
				CLANG_WARN_CONSTANT_CONVERSION = YES;
				CLANG_WARN_DEPRECATED_OBJC_IMPLEMENTATIONS = YES;
				CLANG_WARN_DIRECT_OBJC_ISA_USAGE = YES_ERROR;
				CLANG_WARN_DOCUMENTATION_COMMENTS = YES;
				CLANG_WARN_EMPTY_BODY = YES;
				CLANG_WARN_ENUM_CONVERSION = YES;
				CLANG_WARN_INFINITE_RECURSION = YES;
				CLANG_WARN_INT_CONVERSION = YES;
				CLANG_WARN_NON_LITERAL_NULL_CONVERSION = YES;
				CLANG_WARN_OBJC_IMPLICIT_RETAIN_SELF = YES;
				CLANG_WARN_OBJC_LITERAL_CONVERSION = YES;
				CLANG_WARN_OBJC_ROOT_CLASS = YES_ERROR;
				CLANG_WARN_QUOTED_INCLUDE_IN_FRAMEWORK_HEADER = YES;
				CLANG_WARN_RANGE_LOOP_ANALYSIS = YES;
				CLANG_WARN_STRICT_PROTOTYPES = YES;
				CLANG_WARN_SUSPICIOUS_MOVE = YES;
				CLANG_WARN_UNGUARDED_AVAILABILITY = YES_AGGRESSIVE;
				CLANG_WARN_UNREACHABLE_CODE = YES;
				CLANG_WARN__DUPLICATE_METHOD_MATCH = YES;
				COPY_PHASE_STRIP = NO;
				DEBUG_INFORMATION_FORMAT = "dwarf-with-dsym";
				ENABLE_NS_ASSERTIONS = NO;
				ENABLE_STRICT_OBJC_MSGSEND = YES;
				ENABLE_USER_SCRIPT_SANDBOXING = YES;
				GCC_C_LANGUAGE_STANDARD = gnu17;
				GCC_NO_COMMON_BLOCKS = YES;
				GCC_WARN_64_TO_32_BIT_CONVERSION = YES;
				GCC_WARN_ABOUT_RETURN_TYPE = YES_ERROR;
				GCC_WARN_UNDECLARED_SELECTOR = YES;
				GCC_WARN_UNINITIALIZED_AUTOS = YES_AGGRESSIVE;
				GCC_WARN_UNUSED_FUNCTION = YES;
				GCC_WARN_UNUSED_VARIABLE = YES;
				IPHONEOS_DEPLOYMENT_TARGET = 16.6;
				LOCALIZATION_PREFERS_STRING_CATALOGS = YES;
				MTL_ENABLE_DEBUG_INFO = NO;
				MTL_FAST_MATH = YES;
				SDKROOT = iphoneos;
				SWIFT_COMPILATION_MODE = wholemodule;
				VALIDATE_PRODUCT = YES;
			};
			name = Release;
		};
		9A5872DB2BE9F89800A14F5D /* Debug */ = {
			isa = XCBuildConfiguration;
			buildSettings = {
				ASSETCATALOG_COMPILER_APPICON_NAME = "iMessage App Icon";
				CODE_SIGN_STYLE = Automatic;
				CURRENT_PROJECT_VERSION = 1;
				DEVELOPMENT_TEAM = YX6HQPQFG5;
				GENERATE_INFOPLIST_FILE = YES;
				INFOPLIST_FILE = "Create a Sticker MessagesExtension/Info.plist";
				INFOPLIST_KEY_CFBundleDisplayName = "Vadim's Emojis";
				INFOPLIST_KEY_NSHumanReadableCopyright = "";
				LD_RUNPATH_SEARCH_PATHS = (
					"$(inherited)",
					"@executable_path/Frameworks",
					"@executable_path/../../Frameworks",
				);
				MARKETING_VERSION = 1.0;
				PRODUCT_BUNDLE_IDENTIFIER = "com.VadimShicha.Create-a-Sticker.MessagesExtension";
				PRODUCT_NAME = "$(TARGET_NAME)";
				SKIP_INSTALL = YES;
				SWIFT_EMIT_LOC_STRINGS = YES;
				SWIFT_VERSION = 5.0;
				TARGETED_DEVICE_FAMILY = "1,2";
			};
			name = Debug;
		};
		9A5872DC2BE9F89800A14F5D /* Release */ = {
			isa = XCBuildConfiguration;
			buildSettings = {
				ASSETCATALOG_COMPILER_APPICON_NAME = "iMessage App Icon";
				CODE_SIGN_STYLE = Automatic;
				CURRENT_PROJECT_VERSION = 1;
				DEVELOPMENT_TEAM = YX6HQPQFG5;
				GENERATE_INFOPLIST_FILE = YES;
				INFOPLIST_FILE = "Create a Sticker MessagesExtension/Info.plist";
				INFOPLIST_KEY_CFBundleDisplayName = "Vadim's Emojis";
				INFOPLIST_KEY_NSHumanReadableCopyright = "";
				LD_RUNPATH_SEARCH_PATHS = (
					"$(inherited)",
					"@executable_path/Frameworks",
					"@executable_path/../../Frameworks",
				);
				MARKETING_VERSION = 1.0;
				PRODUCT_BUNDLE_IDENTIFIER = "com.VadimShicha.Create-a-Sticker.MessagesExtension";
				PRODUCT_NAME = "$(TARGET_NAME)";
				SKIP_INSTALL = YES;
				SWIFT_EMIT_LOC_STRINGS = YES;
				SWIFT_VERSION = 5.0;
				TARGETED_DEVICE_FAMILY = "1,2";
			};
			name = Release;
		};
		9A5872DF2BE9F89800A14F5D /* Debug */ = {
			isa = XCBuildConfiguration;
			buildSettings = {
				ALWAYS_EMBED_SWIFT_STANDARD_LIBRARIES = YES;
				ASSETCATALOG_COMPILER_APPICON_NAME = AppIcon;
				CODE_SIGN_STYLE = Automatic;
				CURRENT_PROJECT_VERSION = 1;
				DEVELOPMENT_TEAM = YX6HQPQFG5;
				GENERATE_INFOPLIST_FILE = YES;
				INFOPLIST_KEY_UILaunchStoryboardName = LaunchScreen;
				INFOPLIST_KEY_UISupportedInterfaceOrientations_iPad = "UIInterfaceOrientationPortrait UIInterfaceOrientationPortraitUpsideDown UIInterfaceOrientationLandscapeLeft UIInterfaceOrientationLandscapeRight";
				INFOPLIST_KEY_UISupportedInterfaceOrientations_iPhone = "UIInterfaceOrientationPortrait UIInterfaceOrientationLandscapeLeft UIInterfaceOrientationLandscapeRight";
				IPHONEOS_DEPLOYMENT_TARGET = 16.6;
				MARKETING_VERSION = 1.0;
				PRODUCT_BUNDLE_IDENTIFIER = "com.VadimShicha.Create-a-Sticker";
				PRODUCT_NAME = "$(TARGET_NAME)";
				SWIFT_EMIT_LOC_STRINGS = YES;
				SWIFT_VERSION = 5.0;
				TARGETED_DEVICE_FAMILY = "1,2";
			};
			name = Debug;
		};
		9A5872E02BE9F89800A14F5D /* Release */ = {
			isa = XCBuildConfiguration;
			buildSettings = {
				ALWAYS_EMBED_SWIFT_STANDARD_LIBRARIES = YES;
				ASSETCATALOG_COMPILER_APPICON_NAME = AppIcon;
				CODE_SIGN_STYLE = Automatic;
				CURRENT_PROJECT_VERSION = 1;
				DEVELOPMENT_TEAM = YX6HQPQFG5;
				GENERATE_INFOPLIST_FILE = YES;
				INFOPLIST_KEY_UILaunchStoryboardName = LaunchScreen;
				INFOPLIST_KEY_UISupportedInterfaceOrientations_iPad = "UIInterfaceOrientationPortrait UIInterfaceOrientationPortraitUpsideDown UIInterfaceOrientationLandscapeLeft UIInterfaceOrientationLandscapeRight";
				INFOPLIST_KEY_UISupportedInterfaceOrientations_iPhone = "UIInterfaceOrientationPortrait UIInterfaceOrientationLandscapeLeft UIInterfaceOrientationLandscapeRight";
				IPHONEOS_DEPLOYMENT_TARGET = 16.6;
				MARKETING_VERSION = 1.0;
				PRODUCT_BUNDLE_IDENTIFIER = "com.VadimShicha.Create-a-Sticker";
				PRODUCT_NAME = "$(TARGET_NAME)";
				SWIFT_EMIT_LOC_STRINGS = YES;
				SWIFT_VERSION = 5.0;
				TARGETED_DEVICE_FAMILY = "1,2";
			};
			name = Release;
		};
/* End XCBuildConfiguration section */

/* Begin XCConfigurationList section */
		9A5872BC2BE9F89200A14F5D /* Build configuration list for PBXProject "Create a Sticker" */ = {
			isa = XCConfigurationList;
			buildConfigurations = (
				9A5872D82BE9F89800A14F5D /* Debug */,
				9A5872D92BE9F89800A14F5D /* Release */,
			);
			defaultConfigurationIsVisible = 0;
			defaultConfigurationName = Release;
		};
		9A5872DA2BE9F89800A14F5D /* Build configuration list for PBXNativeTarget "Create a Sticker MessagesExtension" */ = {
			isa = XCConfigurationList;
			buildConfigurations = (
				9A5872DB2BE9F89800A14F5D /* Debug */,
				9A5872DC2BE9F89800A14F5D /* Release */,
			);
			defaultConfigurationIsVisible = 0;
			defaultConfigurationName = Release;
		};
		9A5872DE2BE9F89800A14F5D /* Build configuration list for PBXNativeTarget "Create a Sticker" */ = {
			isa = XCConfigurationList;
			buildConfigurations = (
				9A5872DF2BE9F89800A14F5D /* Debug */,
				9A5872E02BE9F89800A14F5D /* Release */,
			);
			defaultConfigurationIsVisible = 0;
			defaultConfigurationName = Release;
		};
/* End XCConfigurationList section */
	};
	rootObject = 9A5872B92BE9F89200A14F5D /* Project object */;
}
